
Microsoft Visual Studio Solution File, Format Version 12.00
# Visual Studio 15
Project("{FAE04EC0-301F-11D3-BF4B-00C04F79EFBC}") = "Juegito_the_game", "Juegito_the_game.csproj", "{D29A3B8C-9EBA-C2D9-3E76-827E6C4E3156}"
EndProject
Global
	GlobalSection(SolutionConfigurationPlatforms) = preSolution
		Debug|Any CPU = Debug|Any CPU
		Release|Any CPU = Release|Any CPU
	EndGlobalSection
	GlobalSection(ProjectConfigurationPlatforms) = postSolution
		{D29A3B8C-9EBA-C2D9-3E76-827E6C4E3156}.Debug|Any CPU.ActiveCfg = Debug|Any CPU
		{D29A3B8C-9EBA-C2D9-3E76-827E6C4E3156}.Debug|Any CPU.Build.0 = Debug|Any CPU
		{D29A3B8C-9EBA-C2D9-3E76-827E6C4E3156}.Release|Any CPU.ActiveCfg = Release|Any CPU
		{D29A3B8C-9EBA-C2D9-3E76-827E6C4E3156}.Release|Any CPU.Build.0 = Release|Any CPU
	EndGlobalSection
	GlobalSection(SolutionProperties) = preSolution
		HideSolutionNode = FALSE
	EndGlobalSection
EndGlobal
